PATH
  remote: ../..
  specs:
    oo2md2tex (0.2.0)
      redcarpet (>= 3.5.1)
      rexml (>= 3.2)
      rubyzip (>= 2.0)

GEM
  remote: https://rubygems.org/
  specs:
    redcarpet (3.6.1)
    rexml (3.4.4)
    rubyzip (3.4.0)

PLATFORMS
  arm64-darwin-25
  ruby

DEPENDENCIES
  oo2md2tex!

CHECKSUMS
  oo2md2tex (0.2.0)
  redcarpet (3.6.1) sha256=d444910e6aa55480c6bcdc0cdb057626e8a32c054c29e793fa642ba2f155f445
  rexml (3.4.4) sha256=19e0a2c3425dfbf2d4fc1189747bdb2f849b6c5e74180401b15734bc97b5d142
  rubyzip (3.4.0) sha256=6de39bc9eba302b635a476d16c9e16b0872ad24517c2f98f2b3a7ea23caff57b

BUNDLED WITH
  4.0.10
